
Microsoft Visual Studio Solution File, Format Version 12.00
# Visual Studio Version 17
VisualStudioVersion = 17.5.33627.172
MinimumVisualStudioVersion = 10.0.40219.1
Project("{FAE04EC0-301F-11D3-BF4B-00C04F79EFBC}") = "SpiderBackend.API", "SpiderBackend.API.csproj", "{FF32F0AF-A254-46C5-8A61-72F97F755428}"
EndProject
Global
	GlobalSection(SolutionConfigurationPlatforms) = preSolution
		Debug|Any CPU = Debug|Any CPU
		Release|Any CPU = Release|Any CPU
	EndGlobalSection
	GlobalSection(ProjectConfigurationPlatforms) = postSolution
		{FF32F0AF-A254-46C5-8A61-72F97F755428}.Debug|Any CPU.ActiveCfg = Debug|Any CPU
		{FF32F0AF-A254-46C5-8A61-72F97F755428}.Debug|Any CPU.Build.0 = Debug|Any CPU
		{FF32F0AF-A254-46C5-8A61-72F97F755428}.Release|Any CPU.ActiveCfg = Release|Any CPU
		{FF32F0AF-A254-46C5-8A61-72F97F755428}.Release|Any CPU.Build.0 = Release|Any CPU
	EndGlobalSection
	GlobalSection(SolutionProperties) = preSolution
		HideSolutionNode = FALSE
	EndGlobalSection
	GlobalSection(ExtensibilityGlobals) = postSolution
		SolutionGuid = {CC9337F0-7940-4453-88FE-AFCB7BD89926}
	EndGlobalSection
EndGlobal
